
Microsoft Visual Studio Solution File, Format Version 12.00
# Visual Studio Version 17
VisualStudioVersion = 17.7.34031.279
MinimumVisualStudioVersion = 10.0.40219.1
Project("{FAE04EC0-301F-11D3-BF4B-00C04F79EFBC}") = "Lab2Lib", "Lab2Lib.csproj", "{604C7D53-1FE5-4094-9983-43D5E7FF3E8C}"
EndProject
Project("{FAE04EC0-301F-11D3-BF4B-00C04F79EFBC}") = "Lab2App", "..\Lab2pp\Lab2App.csproj", "{93101674-12F1-40B1-B1D2-F55046E82744}"
EndProject
Global
	GlobalSection(SolutionConfigurationPlatforms) = preSolution
		Debug|Any CPU = Debug|Any CPU
		Release|Any CPU = Release|Any CPU
	EndGlobalSection
	GlobalSection(ProjectConfigurationPlatforms) = postSolution
		{604C7D53-1FE5-4094-9983-43D5E7FF3E8C}.Debug|Any CPU.ActiveCfg = Debug|Any CPU
		{604C7D53-1FE5-4094-9983-43D5E7FF3E8C}.Debug|Any CPU.Build.0 = Debug|Any CPU
		{604C7D53-1FE5-4094-9983-43D5E7FF3E8C}.Release|Any CPU.ActiveCfg = Release|Any CPU
		{604C7D53-1FE5-4094-9983-43D5E7FF3E8C}.Release|Any CPU.Build.0 = Release|Any CPU
		{93101674-12F1-40B1-B1D2-F55046E82744}.Debug|Any CPU.ActiveCfg = Debug|Any CPU
		{93101674-12F1-40B1-B1D2-F55046E82744}.Debug|Any CPU.Build.0 = Debug|Any CPU
		{93101674-12F1-40B1-B1D2-F55046E82744}.Release|Any CPU.ActiveCfg = Release|Any CPU
		{93101674-12F1-40B1-B1D2-F55046E82744}.Release|Any CPU.Build.0 = Release|Any CPU
	EndGlobalSection
	GlobalSection(SolutionProperties) = preSolution
		HideSolutionNode = FALSE
	EndGlobalSection
	GlobalSection(ExtensibilityGlobals) = postSolution
		SolutionGuid = {67A86066-D930-4FB4-A005-DE06E9717F57}
	EndGlobalSection
EndGlobal
